
Microsoft Visual Studio Solution File, Format Version 12.00
# Visual Studio Version 17
VisualStudioVersion = 17.14.36408.4 d17.14
MinimumVisualStudioVersion = 10.0.40219.1
Project("{FAE04EC0-301F-11D3-BF4B-00C04F79EFBC}") = "BagShopManagement", "BagShopManagement\BagShopManagement.csproj", "{AC9DD10A-AEF0-4D81-9DF7-493A0448566D}"
EndProject
Global
	GlobalSection(SolutionConfigurationPlatforms) = preSolution
		Debug|Any CPU = Debug|Any CPU
		Release|Any CPU = Release|Any CPU
	EndGlobalSection
	GlobalSection(ProjectConfigurationPlatforms) = postSolution
		{AC9DD10A-AEF0-4D81-9DF7-493A0448566D}.Debug|Any CPU.ActiveCfg = Debug|Any CPU
		{AC9DD10A-AEF0-4D81-9DF7-493A0448566D}.Debug|Any CPU.Build.0 = Debug|Any CPU
		{AC9DD10A-AEF0-4D81-9DF7-493A0448566D}.Release|Any CPU.ActiveCfg = Release|Any CPU
		{AC9DD10A-AEF0-4D81-9DF7-493A0448566D}.Release|Any CPU.Build.0 = Release|Any CPU
	EndGlobalSection
	GlobalSection(SolutionProperties) = preSolution
		HideSolutionNode = FALSE
	EndGlobalSection
	GlobalSection(ExtensibilityGlobals) = postSolution
		SolutionGuid = {D5058218-CB86-49AB-BD4D-6E9BE9F4EA68}
	EndGlobalSection
EndGlobal
