Microsoft Visual Studio Solution File, Format Version 12.00
# Visual Studio Version 17
VisualStudioVersion = 17.5.2.0
MinimumVisualStudioVersion = 10.0.40219.1
Project("{FAE04EC0-301F-11D3-BF4B-00C04F79EFBC}") = "BagShopManagement", "BagShopManagement.csproj", "{04A4DD12-1119-A96B-C75D-861D530008E4}"
EndProject
Global
	GlobalSection(SolutionConfigurationPlatforms) = preSolution
		Debug|Any CPU = Debug|Any CPU
		Release|Any CPU = Release|Any CPU
	EndGlobalSection
	GlobalSection(ProjectConfigurationPlatforms) = postSolution
		{04A4DD12-1119-A96B-C75D-861D530008E4}.Debug|Any CPU.ActiveCfg = Debug|Any CPU
		{04A4DD12-1119-A96B-C75D-861D530008E4}.Debug|Any CPU.Build.0 = Debug|Any CPU
		{04A4DD12-1119-A96B-C75D-861D530008E4}.Release|Any CPU.ActiveCfg = Release|Any CPU
		{04A4DD12-1119-A96B-C75D-861D530008E4}.Release|Any CPU.Build.0 = Release|Any CPU
	EndGlobalSection
	GlobalSection(SolutionProperties) = preSolution
		HideSolutionNode = FALSE
	EndGlobalSection
	GlobalSection(ExtensibilityGlobals) = postSolution
		SolutionGuid = {07C92FFE-6D8C-4206-B8C0-7C8C41116775}
	EndGlobalSection
EndGlobal
